
Microsoft Visual Studio Solution File, Format Version 12.00
# Visual Studio Version 17
VisualStudioVersion = 17.0.31717.71
MinimumVisualStudioVersion = 10.0.40219.1
Project("{FAE04EC0-301F-11D3-BF4B-00C04F79EFBC}") = "CG_Traveler", "CG_Traveler\CG_Traveler.csproj", "{4E6FC3DA-F663-4623-962E-FFC31848C961}"
EndProject
Global
	GlobalSection(SolutionConfigurationPlatforms) = preSolution
		Debug|Any CPU = Debug|Any CPU
		Release|Any CPU = Release|Any CPU
	EndGlobalSection
	GlobalSection(ProjectConfigurationPlatforms) = postSolution
		{4E6FC3DA-F663-4623-962E-FFC31848C961}.Debug|Any CPU.ActiveCfg = Debug|Any CPU
		{4E6FC3DA-F663-4623-962E-FFC31848C961}.Debug|Any CPU.Build.0 = Debug|Any CPU
		{4E6FC3DA-F663-4623-962E-FFC31848C961}.Release|Any CPU.ActiveCfg = Release|Any CPU
		{4E6FC3DA-F663-4623-962E-FFC31848C961}.Release|Any CPU.Build.0 = Release|Any CPU
	EndGlobalSection
	GlobalSection(SolutionProperties) = preSolution
		HideSolutionNode = FALSE
	EndGlobalSection
	GlobalSection(ExtensibilityGlobals) = postSolution
		SolutionGuid = {37C4BA45-CB2C-40C1-AE4A-D3729FF935B0}
	EndGlobalSection
EndGlobal
